
Microsoft Visual Studio Solution File, Format Version 12.00
# Visual Studio Version 17
VisualStudioVersion = 17.5.002.0
MinimumVisualStudioVersion = 10.0.40219.1
Project("{9A19103F-16F7-4668-BE54-9A1E7A4F7556}") = "fightclub", "fightclub.csproj", "{1A9B5DA4-A893-4F56-9C03-80DF9B98DC4A}"
EndProject
Global
	GlobalSection(SolutionConfigurationPlatforms) = preSolution
		Debug|Any CPU = Debug|Any CPU
		Release|Any CPU = Release|Any CPU
	EndGlobalSection
	GlobalSection(ProjectConfigurationPlatforms) = postSolution
		{1A9B5DA4-A893-4F56-9C03-80DF9B98DC4A}.Debug|Any CPU.ActiveCfg = Debug|Any CPU
		{1A9B5DA4-A893-4F56-9C03-80DF9B98DC4A}.Debug|Any CPU.Build.0 = Debug|Any CPU
		{1A9B5DA4-A893-4F56-9C03-80DF9B98DC4A}.Release|Any CPU.ActiveCfg = Release|Any CPU
		{1A9B5DA4-A893-4F56-9C03-80DF9B98DC4A}.Release|Any CPU.Build.0 = Release|Any CPU
	EndGlobalSection
	GlobalSection(SolutionProperties) = preSolution
		HideSolutionNode = FALSE
	EndGlobalSection
	GlobalSection(ExtensibilityGlobals) = postSolution
		SolutionGuid = {4444D774-F273-4D45-AAD2-5A27C428093F}
	EndGlobalSection
EndGlobal
